dependencies:
- name: loki
  repository: https://grafana.github.io/helm-charts
  version: 6.6.3
- name: alloy
  repository: https://grafana.github.io/helm-charts
  version: 0.3.2
- name: mimir-distributed
  repository: https://grafana.github.io/helm-charts
  version: 5.3.0
- name: tempo-distributed
  repository: https://grafana.github.io/helm-charts
  version: 1.11.0
- name: minio
  repository: https://charts.min.io
  version: 5.2.0
digest: sha256:b4c622eb675eaba5c16ed21c74b011f365c99ed69c94d87d9715122c6b00e4c7
generated: "2024-06-21T07:03:58.141415953Z"
